
Microsoft Visual Studio Solution File, Format Version 12.00
# Visual Studio Version 16
VisualStudioVersion = 16.0.34729.46
MinimumVisualStudioVersion = 10.0.40219.1
Project("{FAE04EC0-301F-11D3-BF4B-00C04F79EFBC}") = "Mysql_Remake", "Mysql_Remake\Mysql_Remake.csproj", "{6314AF85-78C2-43F9-8A25-B4BCD89C12A5}"
EndProject
Project("{FAE04EC0-301F-11D3-BF4B-00C04F79EFBC}") = "Model", "Model\Model.csproj", "{78A791CC-6A0C-4777-B0D5-9EA33BC3D3AF}"
EndProject
Project("{FAE04EC0-301F-11D3-BF4B-00C04F79EFBC}") = "DAL", "DAL\DAL.csproj", "{3261E5FD-C7ED-4232-BEEE-75D19F51078D}"
EndProject
Project("{FAE04EC0-301F-11D3-BF4B-00C04F79EFBC}") = "BLL", "BLL\BLL.csproj", "{E5645601-8FA7-4C9B-B4C6-1B02D6D82B06}"
EndProject
Project("{FAE04EC0-301F-11D3-BF4B-00C04F79EFBC}") = "Creat", "Creat\Creat.csproj", "{7839DB5A-48B6-4136-9522-26BC495AF1D2}"
EndProject
Global
	GlobalSection(SolutionConfigurationPlatforms) = preSolution
		Debug|Any CPU = Debug|Any CPU
		Release|Any CPU = Release|Any CPU
	EndGlobalSection
	GlobalSection(ProjectConfigurationPlatforms) = postSolution
		{6314AF85-78C2-43F9-8A25-B4BCD89C12A5}.Debug|Any CPU.ActiveCfg = Debug|Any CPU
		{6314AF85-78C2-43F9-8A25-B4BCD89C12A5}.Debug|Any CPU.Build.0 = Debug|Any CPU
		{6314AF85-78C2-43F9-8A25-B4BCD89C12A5}.Release|Any CPU.ActiveCfg = Release|Any CPU
		{6314AF85-78C2-43F9-8A25-B4BCD89C12A5}.Release|Any CPU.Build.0 = Release|Any CPU
		{78A791CC-6A0C-4777-B0D5-9EA33BC3D3AF}.Debug|Any CPU.ActiveCfg = Debug|Any CPU
		{78A791CC-6A0C-4777-B0D5-9EA33BC3D3AF}.Debug|Any CPU.Build.0 = Debug|Any CPU
		{78A791CC-6A0C-4777-B0D5-9EA33BC3D3AF}.Release|Any CPU.ActiveCfg = Release|Any CPU
		{78A791CC-6A0C-4777-B0D5-9EA33BC3D3AF}.Release|Any CPU.Build.0 = Release|Any CPU
		{3261E5FD-C7ED-4232-BEEE-75D19F51078D}.Debug|Any CPU.ActiveCfg = Debug|Any CPU
		{3261E5FD-C7ED-4232-BEEE-75D19F51078D}.Debug|Any CPU.Build.0 = Debug|Any CPU
		{3261E5FD-C7ED-4232-BEEE-75D19F51078D}.Release|Any CPU.ActiveCfg = Release|Any CPU
		{3261E5FD-C7ED-4232-BEEE-75D19F51078D}.Release|Any CPU.Build.0 = Release|Any CPU
		{E5645601-8FA7-4C9B-B4C6-1B02D6D82B06}.Debug|Any CPU.ActiveCfg = Debug|Any CPU
		{E5645601-8FA7-4C9B-B4C6-1B02D6D82B06}.Debug|Any CPU.Build.0 = Debug|Any CPU
		{E5645601-8FA7-4C9B-B4C6-1B02D6D82B06}.Release|Any CPU.ActiveCfg = Release|Any CPU
		{E5645601-8FA7-4C9B-B4C6-1B02D6D82B06}.Release|Any CPU.Build.0 = Release|Any CPU
		{7839DB5A-48B6-4136-9522-26BC495AF1D2}.Debug|Any CPU.ActiveCfg = Debug|Any CPU
		{7839DB5A-48B6-4136-9522-26BC495AF1D2}.Debug|Any CPU.Build.0 = Debug|Any CPU
		{7839DB5A-48B6-4136-9522-26BC495AF1D2}.Release|Any CPU.ActiveCfg = Release|Any CPU
		{7839DB5A-48B6-4136-9522-26BC495AF1D2}.Release|Any CPU.Build.0 = Release|Any CPU
	EndGlobalSection
	GlobalSection(SolutionProperties) = preSolution
		HideSolutionNode = FALSE
	EndGlobalSection
	GlobalSection(ExtensibilityGlobals) = postSolution
		SolutionGuid = {7BDDEB33-B5E8-4FAE-A296-1BCC73157CE0}
	EndGlobalSection
EndGlobal
